<?xml version="1.0" encoding="utf-8"?>
<Project ToolsVersion="4.0" xmlns="http://schemas.microsoft.com/developer/msbuild/2003">
  <ItemGroup>
    <Filter Include="Character">
      <UniqueIdentifier>{495819b2-7071-4827-927e-e86b359e5520}</UniqueIdentifier>
    </Filter>
    <Filter Include="Character\Abilities">
      <UniqueIdentifier>{4e6a0ecf-22cb-486c-898a-c9f5a260f529}</UniqueIdentifier>
    </Filter>
    <Filter Include="Character\Abilities\Special Abilities">
      <UniqueIdentifier>{9b49b74b-a66b-4274-80d7-3594ac126719}</UniqueIdentifier>
    </Filter>
    <Filter Include="Character\Abilities\Spells">
      <UniqueIdentifier>{afc82e41-ac7e-4c4b-89d5-c4a4c4caf401}</UniqueIdentifier>
    </Filter>
    <Filter Include="Character\Player classes">
      <UniqueIdentifier>{22fa9c7a-07cb-4c94-a4b3-267f243eb0dc}</UniqueIdentifier>
    </Filter>
    <Filter Include="Character\Enemies">
      <UniqueIdentifier>{0eb13cf4-ae1c-42f0-a0b2-b0e6c26e1fc4}</UniqueIdentifier>
    </Filter>
    <Filter Include="Character\Attributes">
      <UniqueIdentifier>{05d885bd-d601-46a8-8948-48efad0da31c}</UniqueIdentifier>
    </Filter>
    <Filter Include="Inventory">
      <UniqueIdentifier>{c9c496d3-c4a1-4c36-a1b1-dc2425a6d107}</UniqueIdentifier>
    </Filter>
    <Filter Include="Inventory\Usable">
      <UniqueIdentifier>{f9f01718-44c7-4260-ae07-7b1c5e2ebd84}</UniqueIdentifier>
    </Filter>
    <Filter Include="Inventory\Usable\Armor">
      <UniqueIdentifier>{ea791fd4-f504-46ee-a613-1492a895bb35}</UniqueIdentifier>
    </Filter>
    <Filter Include="Inventory\Usable\Weapon">
      <UniqueIdentifier>{865eea7d-896d-4354-8768-5a56a55da82b}</UniqueIdentifier>
    </Filter>
    <Filter Include="Inventory\Usable\Consumable">
      <UniqueIdentifier>{b1c3546d-917b-447d-a419-e749bbb53580}</UniqueIdentifier>
    </Filter>
    <Filter Include="Inventory\Trash">
      <UniqueIdentifier>{c493a624-453f-4892-86b2-3e2f57db71a4}</UniqueIdentifier>
    </Filter>
    <Filter Include="State">
      <UniqueIdentifier>{32307c9b-5238-4cac-a41c-8161e2c67fc5}</UniqueIdentifier>
    </Filter>
    <Filter Include="State\Menu">
      <UniqueIdentifier>{6beb79c4-63d0-4ed4-bdc9-314eb2215f2c}</UniqueIdentifier>
    </Filter>
    <Filter Include="State\Battle">
      <UniqueIdentifier>{560bab81-3b9f-441b-8820-1b400ed1c33a}</UniqueIdentifier>
    </Filter>
    <Filter Include="State\Inventory">
      <UniqueIdentifier>{26b579fc-5a1a-42b6-b604-4f5cc048129f}</UniqueIdentifier>
    </Filter>
    <Filter Include="State\Create">
      <UniqueIdentifier>{db2b08f3-3291-4403-b014-d19ffa815ad8}</UniqueIdentifier>
    </Filter>
  </ItemGroup>
  <ItemGroup>
    <ClCompile Include="GUI.cpp">
      <Filter>State</Filter>
    </ClCompile>
    <ClCompile Include="Abilities.cpp">
      <Filter>Character\Abilities</Filter>
    </ClCompile>
    <ClCompile Include="Character.cpp">
      <Filter>Character</Filter>
    </ClCompile>
    <ClCompile Include="Inventory.cpp">
      <Filter>Inventory</Filter>
    </ClCompile>
    <ClCompile Include="Resistance.cpp">
      <Filter>Character\Attributes</Filter>
    </ClCompile>
    <ClCompile Include="Loot.cpp">
      <Filter>Inventory</Filter>
    </ClCompile>
    <ClCompile Include="BattleGUI.cpp">
      <Filter>State\Battle</Filter>
    </ClCompile>
    <ClCompile Include="VictoryGUI.cpp">
      <Filter>State\Battle</Filter>
    </ClCompile>
    <ClCompile Include="GameOverGUI.cpp">
      <Filter>State\Battle</Filter>
    </ClCompile>
    <ClCompile Include="CreatePlayerGUI.cpp">
      <Filter>State\Create</Filter>
    </ClCompile>
    <ClCompile Include="InventoryGUI.cpp">
      <Filter>State\Inventory</Filter>
    </ClCompile>
    <ClCompile Include="LoadGameGUI.cpp">
      <Filter>State\Menu</Filter>
    </ClCompile>
    <ClCompile Include="MenuGUI.cpp">
      <Filter>State\Menu</Filter>
    </ClCompile>
    <ClCompile Include="QuitGUI.cpp">
      <Filter>State\Menu</Filter>
    </ClCompile>
    <ClCompile Include="SaveGameGUI.cpp">
      <Filter>State\Menu</Filter>
    </ClCompile>
    <ClCompile Include="StartGameGUI.cpp">
      <Filter>State\Menu</Filter>
    </ClCompile>
    <ClCompile Include="StoryGUI.cpp">
      <Filter>State\Menu</Filter>
    </ClCompile>
    <ClCompile Include="SpellsGUI.cpp">
      <Filter>State\Inventory</Filter>
    </ClCompile>
    <ClCompile Include="SpecialAbilitiesGUI.cpp">
      <Filter>State\Inventory</Filter>
    </ClCompile>
    <ClCompile Include="EquipmentGUI.cpp">
      <Filter>State\Inventory</Filter>
    </ClCompile>
    <ClCompile Include="BackpackGUI.cpp">
      <Filter>State\Inventory</Filter>
    </ClCompile>
    <ClCompile Include="Player.cpp">
      <Filter>Character\Player classes</Filter>
    </ClCompile>
    <ClCompile Include="Filesystem.cpp" />
    <ClCompile Include="Game.cpp" />
    <ClCompile Include="main.cpp" />
    <ClCompile Include="ObjectSpawn.cpp" />
    <ClCompile Include="Requirements.cpp" />
    <ClCompile Include="Menu.cpp">
      <Filter>State\Menu</Filter>
    </ClCompile>
    <ClCompile Include="Windows.cpp">
      <Filter>State</Filter>
    </ClCompile>
    <ClCompile Include="State.cpp">
      <Filter>State</Filter>
    </ClCompile>
    <ClCompile Include="MenuState.cpp">
      <Filter>State\Menu</Filter>
    </ClCompile>
    <ClCompile Include="World.cpp" />
    <ClCompile Include="LoadGameState.cpp">
      <Filter>State\Menu</Filter>
    </ClCompile>
  </ItemGroup>
  <ItemGroup>
    <ClInclude Include="Abilities.h">
      <Filter>Character\Abilities</Filter>
    </ClInclude>
    <ClInclude Include="Resistance.h">
      <Filter>Character\Attributes</Filter>
    </ClInclude>
    <ClInclude Include="Player.h">
      <Filter>Character\Player classes</Filter>
    </ClInclude>
    <ClInclude Include="Backpack.h">
      <Filter>Character</Filter>
    </ClInclude>
    <ClInclude Include="Character.h">
      <Filter>Character</Filter>
    </ClInclude>
    <ClInclude Include="BattleGUI.h">
      <Filter>State\Battle</Filter>
    </ClInclude>
    <ClInclude Include="GameOverGUI.h">
      <Filter>State\Battle</Filter>
    </ClInclude>
    <ClInclude Include="VictoryGUI.h">
      <Filter>State\Battle</Filter>
    </ClInclude>
    <ClInclude Include="CreatePlayerGUI.h">
      <Filter>State\Create</Filter>
    </ClInclude>
    <ClInclude Include="BackpackGUI.h">
      <Filter>State\Inventory</Filter>
    </ClInclude>
    <ClInclude Include="EquipmentGUI.h">
      <Filter>State\Inventory</Filter>
    </ClInclude>
    <ClInclude Include="InventoryGUI.h">
      <Filter>State\Inventory</Filter>
    </ClInclude>
    <ClInclude Include="SpecialAbilitiesGUI.h">
      <Filter>State\Inventory</Filter>
    </ClInclude>
    <ClInclude Include="SpellsGUI.h">
      <Filter>State\Inventory</Filter>
    </ClInclude>
    <ClInclude Include="LoadGameGUI.h">
      <Filter>State\Menu</Filter>
    </ClInclude>
    <ClInclude Include="MenuGUI.h">
      <Filter>State\Menu</Filter>
    </ClInclude>
    <ClInclude Include="QuitGUI.h">
      <Filter>State\Menu</Filter>
    </ClInclude>
    <ClInclude Include="SaveGameGUI.h">
      <Filter>State\Menu</Filter>
    </ClInclude>
    <ClInclude Include="StartGameGUI.h">
      <Filter>State\Menu</Filter>
    </ClInclude>
    <ClInclude Include="StoryGUI.h">
      <Filter>State\Menu</Filter>
    </ClInclude>
    <ClInclude Include="Graphic.h">
      <Filter>State</Filter>
    </ClInclude>
    <ClInclude Include="GUI.h">
      <Filter>State</Filter>
    </ClInclude>
    <ClInclude Include="ItemSlot.h">
      <Filter>Inventory\Usable</Filter>
    </ClInclude>
    <ClInclude Include="Inventory.h">
      <Filter>Inventory</Filter>
    </ClInclude>
    <ClInclude Include="Loot.h">
      <Filter>Inventory</Filter>
    </ClInclude>
    <ClInclude Include="Filesystem.h" />
    <ClInclude Include="Game.h" />
    <ClInclude Include="GameState.h" />
    <ClInclude Include="libraries.h" />
    <ClInclude Include="ObjectSpawn.h" />
    <ClInclude Include="Paths.h" />
    <ClInclude Include="Requirements.h" />
    <ClInclude Include="Menu.h">
      <Filter>State\Menu</Filter>
    </ClInclude>
    <ClInclude Include="Windows.h">
      <Filter>State</Filter>
    </ClInclude>
    <ClInclude Include="State.h">
      <Filter>State</Filter>
    </ClInclude>
    <ClInclude Include="MenuState.h">
      <Filter>State\Menu</Filter>
    </ClInclude>
    <ClInclude Include="World.h" />
    <ClInclude Include="LoadGameState.h">
      <Filter>State\Menu</Filter>
    </ClInclude>
  </ItemGroup>
  <ItemGroup>
    <None Include="Axe.lua">
      <Filter>Inventory\Usable\Weapon</Filter>
    </None>
    <None Include="Shirt.lua">
      <Filter>Inventory\Usable\Armor</Filter>
    </None>
    <None Include="Fire bolt.lua">
      <Filter>Character\Abilities\Spells</Filter>
    </None>
    <None Include="Heal.lua">
      <Filter>Character\Abilities\Spells</Filter>
    </None>
    <None Include="Health potion.lua">
      <Filter>Inventory\Usable\Consumable</Filter>
    </None>
    <None Include="Orc.lua">
      <Filter>Character\Enemies</Filter>
    </None>
    <None Include="Mage.lua">
      <Filter>Character\Player classes</Filter>
    </None>
    <None Include="Warrior.lua">
      <Filter>Character\Player classes</Filter>
    </None>
    <None Include="Coin.lua">
      <Filter>Inventory\Trash</Filter>
    </None>
    <None Include="scandir.lua" />
  </ItemGroup>
</Project>